// !$*UTF8*$!
{
	archiveVersion = 1;
	classes = {
	};
	objectVersion = 55;
	objects = {

/* Begin PBXBuildFile section */
		2D3C5AD42888A038002F3090 /* secondPageViewController.swift in Sources */ = {isa = PBXBuildFile; fileRef = 2D3C5AD32888A038002F3090 /* secondPageViewController.swift */; };
		2D3C5AD62888C73E002F3090 /* ViewControllerpage3.swift in Sources */ = {isa = PBXBuildFile; fileRef = 2D3C5AD52888C73E002F3090 /* ViewControllerpage3.swift */; };
		2D3C5AD82888CBEF002F3090 /* Media.xcassets in Resources */ = {isa = PBXBuildFile; fileRef = 2D3C5AD72888CBEF002F3090 /* Media.xcassets */; };
		2D3C5ADC2888F9B0002F3090 /* toDoListNav.swift in Sources */ = {isa = PBXBuildFile; fileRef = 2D3C5ADB2888F9B0002F3090 /* toDoListNav.swift */; };
		2D3C5ADE2888FFEE002F3090 /* TableControllerTableViewController.swift in Sources */ = {isa = PBXBuildFile; fileRef = 2D3C5ADD2888FFEE002F3090 /* TableControllerTableViewController.swift */; };
		2D3C5AE028890040002F3090 /* ToDo.swift in Sources */ = {isa = PBXBuildFile; fileRef = 2D3C5ADF28890040002F3090 /* ToDo.swift */; };
		2D3C5AE228891CBD002F3090 /* AddToDoViewController.swift in Sources */ = {isa = PBXBuildFile; fileRef = 2D3C5AE128891CBD002F3090 /* AddToDoViewController.swift */; };
		2D3C5AE4288925A0002F3090 /* CompleteToDoViewController.swift in Sources */ = {isa = PBXBuildFile; fileRef = 2D3C5AE3288925A0002F3090 /* CompleteToDoViewController.swift */; };
		2D3C5AE62889D3D9002F3090 /* InfoPage.swift in Sources */ = {isa = PBXBuildFile; fileRef = 2D3C5AE52889D3D9002F3090 /* InfoPage.swift */; };
		2D3C5AE82889DC7B002F3090 /* newInfoPage.swift in Sources */ = {isa = PBXBuildFile; fileRef = 2D3C5AE72889DC7B002F3090 /* newInfoPage.swift */; };
		93781E75288730F2005C413A /* AppDelegate.swift in Sources */ = {isa = PBXBuildFile; fileRef = 93781E74288730F2005C413A /* AppDelegate.swift */; };
		93781E77288730F2005C413A /* SceneDelegate.swift in Sources */ = {isa = PBXBuildFile; fileRef = 93781E76288730F2005C413A /* SceneDelegate.swift */; };
		93781E79288730F2005C413A /* ViewController.swift in Sources */ = {isa = PBXBuildFile; fileRef = 93781E78288730F2005C413A /* ViewController.swift */; };
		93781E7C288730F2005C413A /* Main.storyboard in Resources */ = {isa = PBXBuildFile; fileRef = 93781E7A288730F2005C413A /* Main.storyboard */; };
		93781E7F288730F2005C413A /* mainproj.xcdatamodeld in Sources */ = {isa = PBXBuildFile; fileRef = 93781E7D288730F2005C413A /* mainproj.xcdatamodeld */; };
		93781E84288730F4005C413A /* LaunchScreen.storyboard in Resources */ = {isa = PBXBuildFile; fileRef = 93781E82288730F4005C413A /* LaunchScreen.storyboard */; };
		93781E8F288730F5005C413A /* mainprojTests.swift in Sources */ = {isa = PBXBuildFile; fileRef = 93781E8E288730F5005C413A /* mainprojTests.swift */; };
		93781E99288730F5005C413A /* mainprojUITests.swift in Sources */ = {isa = PBXBuildFile; fileRef = 93781E98288730F5005C413A /* mainprojUITests.swift */; };
		93781E9B288730F5005C413A /* mainprojUITestsLaunchTests.swift in Sources */ = {isa = PBXBuildFile; fileRef = 93781E9A288730F5005C413A /* mainprojUITestsLaunchTests.swift */; };
/* End PBXBuildFile section */

/* Begin PBXContainerItemProxy section */
		93781E8B288730F5005C413A /* PBXContainerItemProxy */ = {
			isa = PBXContainerItemProxy;
			containerPortal = 93781E69288730F2005C413A /* Project object */;
			proxyType = 1;
			remoteGlobalIDString = 93781E70288730F2005C413A;
			remoteInfo = mainproj;
		};
		93781E95288730F5005C413A /* PBXContainerItemProxy */ = {
			isa = PBXContainerItemProxy;
			containerPortal = 93781E69288730F2005C413A /* Project object */;
			proxyType = 1;
			remoteGlobalIDString = 93781E70288730F2005C413A;
			remoteInfo = mainproj;
		};
/* End PBXContainerItemProxy section */

/* Begin PBXFileReference section */
		2D3C5AD32888A038002F3090 /* secondPageViewController.swift */ = {isa = PBXFileReference; lastKnownFileType = sourcecode.swift; path = secondPageViewController.swift; sourceTree = "<group>"; };
		2D3C5AD52888C73E002F3090 /* ViewControllerpage3.swift */ = {isa = PBXFileReference; lastKnownFileType = sourcecode.swift; path = ViewControllerpage3.swift; sourceTree = "<group>"; };
		2D3C5AD72888CBEF002F3090 /* Media.xcassets */ = {isa = PBXFileReference; lastKnownFileType = folder.assetcatalog; path = Media.xcassets; sourceTree = "<group>"; };
		2D3C5ADB2888F9B0002F3090 /* toDoListNav.swift */ = {isa = PBXFileReference; lastKnownFileType = sourcecode.swift; path = toDoListNav.swift; sourceTree = "<group>"; };
		2D3C5ADD2888FFEE002F3090 /* TableControllerTableViewController.swift */ = {isa = PBXFileReference; lastKnownFileType = sourcecode.swift; path = TableControllerTableViewController.swift; sourceTree = "<group>"; };
		2D3C5ADF28890040002F3090 /* ToDo.swift */ = {isa = PBXFileReference; lastKnownFileType = sourcecode.swift; path = ToDo.swift; sourceTree = "<group>"; };
		2D3C5AE128891CBD002F3090 /* AddToDoViewController.swift */ = {isa = PBXFileReference; lastKnownFileType = sourcecode.swift; path = AddToDoViewController.swift; sourceTree = "<group>"; };
		2D3C5AE3288925A0002F3090 /* CompleteToDoViewController.swift */ = {isa = PBXFileReference; lastKnownFileType = sourcecode.swift; path = CompleteToDoViewController.swift; sourceTree = "<group>"; };
		2D3C5AE52889D3D9002F3090 /* InfoPage.swift */ = {isa = PBXFileReference; lastKnownFileType = sourcecode.swift; path = InfoPage.swift; sourceTree = "<group>"; };
		2D3C5AE72889DC7B002F3090 /* newInfoPage.swift */ = {isa = PBXFileReference; lastKnownFileType = sourcecode.swift; path = newInfoPage.swift; sourceTree = "<group>"; };
		93781E71288730F2005C413A /* mainproj.app */ = {isa = PBXFileReference; explicitFileType = wrapper.application; includeInIndex = 0; path = mainproj.app; sourceTree = BUILT_PRODUCTS_DIR; };
		93781E74288730F2005C413A /* AppDelegate.swift */ = {isa = PBXFileReference; lastKnownFileType = sourcecode.swift; path = AppDelegate.swift; sourceTree = "<group>"; };
		93781E76288730F2005C413A /* SceneDelegate.swift */ = {isa = PBXFileReference; lastKnownFileType = sourcecode.swift; path = SceneDelegate.swift; sourceTree = "<group>"; };
		93781E78288730F2005C413A /* ViewController.swift */ = {isa = PBXFileReference; lastKnownFileType = sourcecode.swift; path = ViewController.swift; sourceTree = "<group>"; };
		93781E7B288730F2005C413A /* Base */ = {isa = PBXFileReference; lastKnownFileType = file.storyboard; name = Base; path = Base.lproj/Main.storyboard; sourceTree = "<group>"; };
		93781E7E288730F2005C413A /* mainproj.xcdatamodel */ = {isa = PBXFileReference; lastKnownFileType = wrapper.xcdatamodel; path = mainproj.xcdatamodel; sourceTree = "<group>"; };
		93781E83288730F4005C413A /* Base */ = {isa = PBXFileReference; lastKnownFileType = file.storyboard; name = Base; path = Base.lproj/LaunchScreen.storyboard; sourceTree = "<group>"; };
		93781E85288730F4005C413A /* Info.plist */ = {isa = PBXFileReference; lastKnownFileType = text.plist.xml; path = Info.plist; sourceTree = "<group>"; };
		93781E8A288730F5005C413A /* mainprojTests.xctest */ = {isa = PBXFileReference; explicitFileType = wrapper.cfbundle; includeInIndex = 0; path = mainprojTests.xctest; sourceTree = BUILT_PRODUCTS_DIR; };
		93781E8E288730F5005C413A /* mainprojTests.swift */ = {isa = PBXFileReference; lastKnownFileType = sourcecode.swift; path = mainprojTests.swift; sourceTree = "<group>"; };
		93781E94288730F5005C413A /* mainprojUITests.xctest */ = {isa = PBXFileReference; explicitFileType = wrapper.cfbundle; includeInIndex = 0; path = mainprojUITests.xctest; sourceTree = BUILT_PRODUCTS_DIR; };
		93781E98288730F5005C413A /* mainprojUITests.swift */ = {isa = PBXFileReference; lastKnownFileType = sourcecode.swift; path = mainprojUITests.swift; sourceTree = "<group>"; };
		93781E9A288730F5005C413A /* mainprojUITestsLaunchTests.swift */ = {isa = PBXFileReference; lastKnownFileType = sourcecode.swift; path = mainprojUITestsLaunchTests.swift; sourceTree = "<group>"; };
/* End PBXFileReference section */

/* Begin PBXFrameworksBuildPhase section */
		93781E6E288730F2005C413A /* Frameworks */ = {
			isa = PBXFrameworksBuildPhase;
			buildActionMask = 2147483647;
			files = (
			);
			runOnlyForDeploymentPostprocessing = 0;
		};
		93781E87288730F5005C413A /* Frameworks */ = {
			isa = PBXFrameworksBuildPhase;
			buildActionMask = 2147483647;
			files = (
			);
			runOnlyForDeploymentPostprocessing = 0;
		};
		93781E91288730F5005C413A /* Frameworks */ = {
			isa = PBXFrameworksBuildPhase;
			buildActionMask = 2147483647;
			files = (
			);
			runOnlyForDeploymentPostprocessing = 0;
		};
/* End PBXFrameworksBuildPhase section */

/* Begin PBXGroup section */
		93781E68288730F2005C413A = {
			isa = PBXGroup;
			children = (
				93781E73288730F2005C413A /* mainproj */,
				93781E8D288730F5005C413A /* mainprojTests */,
				93781E97288730F5005C413A /* mainprojUITests */,
				93781E72288730F2005C413A /* Products */,
			);
			sourceTree = "<group>";
		};
		93781E72288730F2005C413A /* Products */ = {
			isa = PBXGroup;
			children = (
				93781E71288730F2005C413A /* mainproj.app */,
				93781E8A288730F5005C413A /* mainprojTests.xctest */,
				93781E94288730F5005C413A /* mainprojUITests.xctest */,
			);
			name = Products;
			sourceTree = "<group>";
		};
		93781E73288730F2005C413A /* mainproj */ = {
			isa = PBXGroup;
			children = (
				2D3C5AE3288925A0002F3090 /* CompleteToDoViewController.swift */,
				2D3C5AE128891CBD002F3090 /* AddToDoViewController.swift */,
				2D3C5AD32888A038002F3090 /* secondPageViewController.swift */,
				93781E74288730F2005C413A /* AppDelegate.swift */,
				93781E76288730F2005C413A /* SceneDelegate.swift */,
				93781E78288730F2005C413A /* ViewController.swift */,
				93781E7A288730F2005C413A /* Main.storyboard */,
				2D3C5AE52889D3D9002F3090 /* InfoPage.swift */,
				2D3C5AE72889DC7B002F3090 /* newInfoPage.swift */,
				2D3C5ADF28890040002F3090 /* ToDo.swift */,
				2D3C5ADD2888FFEE002F3090 /* TableControllerTableViewController.swift */,
				2D3C5ADB2888F9B0002F3090 /* toDoListNav.swift */,
				2D3C5AD52888C73E002F3090 /* ViewControllerpage3.swift */,
				93781E82288730F4005C413A /* LaunchScreen.storyboard */,
				93781E85288730F4005C413A /* Info.plist */,
				93781E7D288730F2005C413A /* mainproj.xcdatamodeld */,
				2D3C5AD72888CBEF002F3090 /* Media.xcassets */,
			);
			path = mainproj;
			sourceTree = "<group>";
		};
		93781E8D288730F5005C413A /* mainprojTests */ = {
			isa = PBXGroup;
			children = (
				93781E8E288730F5005C413A /* mainprojTests.swift */,
			);
			path = mainprojTests;
			sourceTree = "<group>";
		};
		93781E97288730F5005C413A /* mainprojUITests */ = {
			isa = PBXGroup;
			children = (
				93781E98288730F5005C413A /* mainprojUITests.swift */,
				93781E9A288730F5005C413A /* mainprojUITestsLaunchTests.swift */,
			);
			path = mainprojUITests;
			sourceTree = "<group>";
		};
/* End PBXGroup section */

/* Begin PBXNativeTarget section */
		93781E70288730F2005C413A /* mainproj */ = {
			isa = PBXNativeTarget;
			buildConfigurationList = 93781E9E288730F5005C413A /* Build configuration list for PBXNativeTarget "mainproj" */;
			buildPhases = (
				93781E6D288730F2005C413A /* Sources */,
				93781E6E288730F2005C413A /* Frameworks */,
				93781E6F288730F2005C413A /* Resources */,
			);
			buildRules = (
			);
			dependencies = (
			);
			name = mainproj;
			productName = mainproj;
			productReference = 93781E71288730F2005C413A /* mainproj.app */;
			productType = "com.apple.product-type.application";
		};
		93781E89288730F5005C413A /* mainprojTests */ = {
			isa = PBXNativeTarget;
			buildConfigurationList = 93781EA1288730F5005C413A /* Build configuration list for PBXNativeTarget "mainprojTests" */;
			buildPhases = (
				93781E86288730F5005C413A /* Sources */,
				93781E87288730F5005C413A /* Frameworks */,
				93781E88288730F5005C413A /* Resources */,
			);
			buildRules = (
			);
			dependencies = (
				93781E8C288730F5005C413A /* PBXTargetDependency */,
			);
			name = mainprojTests;
			productName = mainprojTests;
			productReference = 93781E8A288730F5005C413A /* mainprojTests.xctest */;
			productType = "com.apple.product-type.bundle.unit-test";
		};
		93781E93288730F5005C413A /* mainprojUITests */ = {
			isa = PBXNativeTarget;
			buildConfigurationList = 93781EA4288730F5005C413A /* Build configuration list for PBXNativeTarget "mainprojUITests" */;
			buildPhases = (
				93781E90288730F5005C413A /* Sources */,
				93781E91288730F5005C413A /* Frameworks */,
				93781E92288730F5005C413A /* Resources */,
			);
			buildRules = (
			);
			dependencies = (
				93781E96288730F5005C413A /* PBXTargetDependency */,
			);
			name = mainprojUITests;
			productName = mainprojUITests;
			productReference = 93781E94288730F5005C413A /* mainprojUITests.xctest */;
			productType = "com.apple.product-type.bundle.ui-testing";
		};
/* End PBXNativeTarget section */

/* Begin PBXProject section */
		93781E69288730F2005C413A /* Project object */ = {
			isa = PBXProject;
			attributes = {
				BuildIndependentTargetsInParallel = 1;
				LastSwiftUpdateCheck = 1340;
				LastUpgradeCheck = 1340;
				TargetAttributes = {
					93781E70288730F2005C413A = {
						CreatedOnToolsVersion = 13.4.1;
					};
					93781E89288730F5005C413A = {
						CreatedOnToolsVersion = 13.4.1;
						TestTargetID = 93781E70288730F2005C413A;
					};
					93781E93288730F5005C413A = {
						CreatedOnToolsVersion = 13.4.1;
						TestTargetID = 93781E70288730F2005C413A;
					};
				};
			};
			buildConfigurationList = 93781E6C288730F2005C413A /* Build configuration list for PBXProject "mainproj" */;
			compatibilityVersion = "Xcode 13.0";
			developmentRegion = en;
			hasScannedForEncodings = 0;
			knownRegions = (
				en,
				Base,
			);
			mainGroup = 93781E68288730F2005C413A;
			productRefGroup = 93781E72288730F2005C413A /* Products */;
			projectDirPath = "";
			projectRoot = "";
			targets = (
				93781E70288730F2005C413A /* mainproj */,
				93781E89288730F5005C413A /* mainprojTests */,
				93781E93288730F5005C413A /* mainprojUITests */,
			);
		};
/* End PBXProject section */

/* Begin PBXResourcesBuildPhase section */
		93781E6F288730F2005C413A /* Resources */ = {
			isa = PBXResourcesBuildPhase;
			buildActionMask = 2147483647;
			files = (
				93781E84288730F4005C413A /* LaunchScreen.storyboard in Resources */,
				2D3C5AD82888CBEF002F3090 /* Media.xcassets in Resources */,
				93781E7C288730F2005C413A /* Main.storyboard in Resources */,
			);
			runOnlyForDeploymentPostprocessing = 0;
		};
		93781E88288730F5005C413A /* Resources */ = {
			isa = PBXResourcesBuildPhase;
			buildActionMask = 2147483647;
			files = (
			);
			runOnlyForDeploymentPostprocessing = 0;
		};
		93781E92288730F5005C413A /* Resources */ = {
			isa = PBXResourcesBuildPhase;
			buildActionMask = 2147483647;
			files = (
			);
			runOnlyForDeploymentPostprocessing = 0;
		};
/* End PBXResourcesBuildPhase section */

/* Begin PBXSourcesBuildPhase section */
		93781E6D288730F2005C413A /* Sources */ = {
			isa = PBXSourcesBuildPhase;
			buildActionMask = 2147483647;
			files = (
				2D3C5AE028890040002F3090 /* ToDo.swift in Sources */,
				2D3C5AE82889DC7B002F3090 /* newInfoPage.swift in Sources */,
				93781E79288730F2005C413A /* ViewController.swift in Sources */,
				2D3C5AE62889D3D9002F3090 /* InfoPage.swift in Sources */,
				2D3C5AE228891CBD002F3090 /* AddToDoViewController.swift in Sources */,
				2D3C5AD42888A038002F3090 /* secondPageViewController.swift in Sources */,
				2D3C5AE4288925A0002F3090 /* CompleteToDoViewController.swift in Sources */,
				93781E7F288730F2005C413A /* mainproj.xcdatamodeld in Sources */,
				2D3C5ADC2888F9B0002F3090 /* toDoListNav.swift in Sources */,
				2D3C5AD62888C73E002F3090 /* ViewControllerpage3.swift in Sources */,
				93781E75288730F2005C413A /* AppDelegate.swift in Sources */,
				2D3C5ADE2888FFEE002F3090 /* TableControllerTableViewController.swift in Sources */,
				93781E77288730F2005C413A /* SceneDelegate.swift in Sources */,
			);
			runOnlyForDeploymentPostprocessing = 0;
		};
		93781E86288730F5005C413A /* Sources */ = {
			isa = PBXSourcesBuildPhase;
			buildActionMask = 2147483647;
			files = (
				93781E8F288730F5005C413A /* mainprojTests.swift in Sources */,
			);
			runOnlyForDeploymentPostprocessing = 0;
		};
		93781E90288730F5005C413A /* Sources */ = {
			isa = PBXSourcesBuildPhase;
			buildActionMask = 2147483647;
			files = (
				93781E9B288730F5005C413A /* mainprojUITestsLaunchTests.swift in Sources */,
				93781E99288730F5005C413A /* mainprojUITests.swift in Sources */,
			);
			runOnlyForDeploymentPostprocessing = 0;
		};
/* End PBXSourcesBuildPhase section */

/* Begin PBXTargetDependency section */
		93781E8C288730F5005C413A /* PBXTargetDependency */ = {
			isa = PBXTargetDependency;
			target = 93781E70288730F2005C413A /* mainproj */;
			targetProxy = 93781E8B288730F5005C413A /* PBXContainerItemProxy */;
		};
		93781E96288730F5005C413A /* PBXTargetDependency */ = {
			isa = PBXTargetDependency;
			target = 93781E70288730F2005C413A /* mainproj */;
			targetProxy = 93781E95288730F5005C413A /* PBXContainerItemProxy */;
		};
/* End PBXTargetDependency section */

/* Begin PBXVariantGroup section */
		93781E7A288730F2005C413A /* Main.storyboard */ = {
			isa = PBXVariantGroup;
			children = (
				93781E7B288730F2005C413A /* Base */,
			);
			name = Main.storyboard;
			sourceTree = "<group>";
		};
		93781E82288730F4005C413A /* LaunchScreen.storyboard */ = {
			isa = PBXVariantGroup;
			children = (
				93781E83288730F4005C413A /* Base */,
			);
			name = LaunchScreen.storyboard;
			sourceTree = "<group>";
		};
/* End PBXVariantGroup section */

/* Begin XCBuildConfiguration section */
		93781E9C288730F5005C413A /* Debug */ = {
			isa = XCBuildConfiguration;
			buildSettings = {
				ALWAYS_SEARCH_USER_PATHS = NO;
				CLANG_ANALYZER_NONNULL = YES;
				CLANG_ANALYZER_NUMBER_OBJECT_CONVERSION = YES_AGGRESSIVE;
				CLANG_CXX_LANGUAGE_STANDARD = "gnu++17";
				CLANG_ENABLE_MODULES = YES;
				CLANG_ENABLE_OBJC_ARC = YES;
				CLANG_ENABLE_OBJC_WEAK = YES;
				CLANG_WARN_BLOCK_CAPTURE_AUTORELEASING = YES;
				CLANG_WARN_BOOL_CONVERSION = YES;
				CLANG_WARN_COMMA = YES;
				CLANG_WARN_CONSTANT_CONVERSION = YES;
				CLANG_WARN_DEPRECATED_OBJC_IMPLEMENTATIONS = YES;
				CLANG_WARN_DIRECT_OBJC_ISA_USAGE = YES_ERROR;
				CLANG_WARN_DOCUMENTATION_COMMENTS = YES;
				CLANG_WARN_EMPTY_BODY = YES;
				CLANG_WARN_ENUM_CONVERSION = YES;
				CLANG_WARN_INFINITE_RECURSION = YES;
				CLANG_WARN_INT_CONVERSION = YES;
				CLANG_WARN_NON_LITERAL_NULL_CONVERSION = YES;
				CLANG_WARN_OBJC_IMPLICIT_RETAIN_SELF = YES;
				CLANG_WARN_OBJC_LITERAL_CONVERSION = YES;
				CLANG_WARN_OBJC_ROOT_CLASS = YES_ERROR;
				CLANG_WARN_QUOTED_INCLUDE_IN_FRAMEWORK_HEADER = YES;
				CLANG_WARN_RANGE_LOOP_ANALYSIS = YES;
				CLANG_WARN_STRICT_PROTOTYPES = YES;
				CLANG_WARN_SUSPICIOUS_MOVE = YES;
				CLANG_WARN_UNGUARDED_AVAILABILITY = YES_AGGRESSIVE;
				CLANG_WARN_UNREACHABLE_CODE = YES;
				CLANG_WARN__DUPLICATE_METHOD_MATCH = YES;
				COPY_PHASE_STRIP = NO;
				DEBUG_INFORMATION_FORMAT = dwarf;
				ENABLE_STRICT_OBJC_MSGSEND = YES;
				ENABLE_TESTABILITY = YES;
				GCC_C_LANGUAGE_STANDARD = gnu11;
				GCC_DYNAMIC_NO_PIC = NO;
				GCC_NO_COMMON_BLOCKS = YES;
				GCC_OPTIMIZATION_LEVEL = 0;
				GCC_PREPROCESSOR_DEFINITIONS = (
					"DEBUG=1",
					"$(inherited)",
				);
				GCC_WARN_64_TO_32_BIT_CONVERSION = YES;
				GCC_WARN_ABOUT_RETURN_TYPE = YES_ERROR;
				GCC_WARN_UNDECLARED_SELECTOR = YES;
				GCC_WARN_UNINITIALIZED_AUTOS = YES_AGGRESSIVE;
				GCC_WARN_UNUSED_FUNCTION = YES;
				GCC_WARN_UNUSED_VARIABLE = YES;
				IPHONEOS_DEPLOYMENT_TARGET = 15.5;
				MTL_ENABLE_DEBUG_INFO = INCLUDE_SOURCE;
				MTL_FAST_MATH = YES;
				ONLY_ACTIVE_ARCH = YES;
				SDKROOT = iphoneos;
				SWIFT_ACTIVE_COMPILATION_CONDITIONS = DEBUG;
				SWIFT_OPTIMIZATION_LEVEL = "-Onone";
			};
			name = Debug;
		};
		93781E9D288730F5005C413A /* Release */ = {
			isa = XCBuildConfiguration;
			buildSettings = {
				ALWAYS_SEARCH_USER_PATHS = NO;
				CLANG_ANALYZER_NONNULL = YES;
				CLANG_ANALYZER_NUMBER_OBJECT_CONVERSION = YES_AGGRESSIVE;
				CLANG_CXX_LANGUAGE_STANDARD = "gnu++17";
				CLANG_ENABLE_MODULES = YES;
				CLANG_ENABLE_OBJC_ARC = YES;
				CLANG_ENABLE_OBJC_WEAK = YES;
				CLANG_WARN_BLOCK_CAPTURE_AUTORELEASING = YES;
				CLANG_WARN_BOOL_CONVERSION = YES;
				CLANG_WARN_COMMA = YES;
				CLANG_WARN_CONSTANT_CONVERSION = YES;
				CLANG_WARN_DEPRECATED_OBJC_IMPLEMENTATIONS = YES;
				CLANG_WARN_DIRECT_OBJC_ISA_USAGE = YES_ERROR;
				CLANG_WARN_DOCUMENTATION_COMMENTS = YES;
				CLANG_WARN_EMPTY_BODY = YES;
				CLANG_WARN_ENUM_CONVERSION = YES;
				CLANG_WARN_INFINITE_RECURSION = YES;
				CLANG_WARN_INT_CONVERSION = YES;
				CLANG_WARN_NON_LITERAL_NULL_CONVERSION = YES;
				CLANG_WARN_OBJC_IMPLICIT_RETAIN_SELF = YES;
				CLANG_WARN_OBJC_LITERAL_CONVERSION = YES;
				CLANG_WARN_OBJC_ROOT_CLASS = YES_ERROR;
				CLANG_WARN_QUOTED_INCLUDE_IN_FRAMEWORK_HEADER = YES;
				CLANG_WARN_RANGE_LOOP_ANALYSIS = YES;
				CLANG_WARN_STRICT_PROTOTYPES = YES;
				CLANG_WARN_SUSPICIOUS_MOVE = YES;
				CLANG_WARN_UNGUARDED_AVAILABILITY = YES_AGGRESSIVE;
				CLANG_WARN_UNREACHABLE_CODE = YES;
				CLANG_WARN__DUPLICATE_METHOD_MATCH = YES;
				COPY_PHASE_STRIP = NO;
				DEBUG_INFORMATION_FORMAT = "dwarf-with-dsym";
				ENABLE_NS_ASSERTIONS = NO;
				ENABLE_STRICT_OBJC_MSGSEND = YES;
				GCC_C_LANGUAGE_STANDARD = gnu11;
				GCC_NO_COMMON_BLOCKS = YES;
				GCC_WARN_64_TO_32_BIT_CONVERSION = YES;
				GCC_WARN_ABOUT_RETURN_TYPE = YES_ERROR;
				GCC_WARN_UNDECLARED_SELECTOR = YES;
				GCC_WARN_UNINITIALIZED_AUTOS = YES_AGGRESSIVE;
				GCC_WARN_UNUSED_FUNCTION = YES;
				GCC_WARN_UNUSED_VARIABLE = YES;
				IPHONEOS_DEPLOYMENT_TARGET = 15.5;
				MTL_ENABLE_DEBUG_INFO = NO;
				MTL_FAST_MATH = YES;
				SDKROOT = iphoneos;
				SWIFT_COMPILATION_MODE = wholemodule;
				SWIFT_OPTIMIZATION_LEVEL = "-O";
				VALIDATE_PRODUCT = YES;
			};
			name = Release;
		};
		93781E9F288730F5005C413A /* Debug */ = {
			isa = XCBuildConfiguration;
			buildSettings = {
				ASSETCATALOG_COMPILER_APPICON_NAME = AppIcon;
				ASSETCATALOG_COMPILER_GLOBAL_ACCENT_COLOR_NAME = AccentColor;
				CODE_SIGN_STYLE = Automatic;
				CURRENT_PROJECT_VERSION = 1;
				DEVELOPMENT_TEAM = UJFUXGFX8C;
				GENERATE_INFOPLIST_FILE = YES;
				INFOPLIST_FILE = mainproj/Info.plist;
				INFOPLIST_KEY_UIApplicationSupportsIndirectInputEvents = YES;
				INFOPLIST_KEY_UILaunchStoryboardName = LaunchScreen;
				INFOPLIST_KEY_UIMainStoryboardFile = Main;
				INFOPLIST_KEY_UISupportedInterfaceOrientations_iPad = "UIInterfaceOrientationPortrait UIInterfaceOrientationPortraitUpsideDown UIInterfaceOrientationLandscapeLeft UIInterfaceOrientationLandscapeRight";
				INFOPLIST_KEY_UISupportedInterfaceOrientations_iPhone = "UIInterfaceOrientationPortrait UIInterfaceOrientationLandscapeLeft UIInterfaceOrientationLandscapeRight";
				LD_RUNPATH_SEARCH_PATHS = (
					"$(inherited)",
					"@executable_path/Frameworks",
				);
				MARKETING_VERSION = 1.0;
				PRODUCT_BUNDLE_IDENTIFIER = kwk.mainproj;
				PRODUCT_NAME = "$(TARGET_NAME)";
				SWIFT_EMIT_LOC_STRINGS = YES;
				SWIFT_VERSION = 5.0;
				TARGETED_DEVICE_FAMILY = "1,2";
			};
			name = Debug;
		};
		93781EA0288730F5005C413A /* Release */ = {
			isa = XCBuildConfiguration;
			buildSettings = {
				ASSETCATALOG_COMPILER_APPICON_NAME = AppIcon;
				ASSETCATALOG_COMPILER_GLOBAL_ACCENT_COLOR_NAME = AccentColor;
				CODE_SIGN_STYLE = Automatic;
				CURRENT_PROJECT_VERSION = 1;
				DEVELOPMENT_TEAM = UJFUXGFX8C;
				GENERATE_INFOPLIST_FILE = YES;
				INFOPLIST_FILE = mainproj/Info.plist;
				INFOPLIST_KEY_UIApplicationSupportsIndirectInputEvents = YES;
				INFOPLIST_KEY_UILaunchStoryboardName = LaunchScreen;
				INFOPLIST_KEY_UIMainStoryboardFile = Main;
				INFOPLIST_KEY_UISupportedInterfaceOrientations_iPad = "UIInterfaceOrientationPortrait UIInterfaceOrientationPortraitUpsideDown UIInterfaceOrientationLandscapeLeft UIInterfaceOrientationLandscapeRight";
				INFOPLIST_KEY_UISupportedInterfaceOrientations_iPhone = "UIInterfaceOrientationPortrait UIInterfaceOrientationLandscapeLeft UIInterfaceOrientationLandscapeRight";
				LD_RUNPATH_SEARCH_PATHS = (
					"$(inherited)",
					"@executable_path/Frameworks",
				);
				MARKETING_VERSION = 1.0;
				PRODUCT_BUNDLE_IDENTIFIER = kwk.mainproj;
				PRODUCT_NAME = "$(TARGET_NAME)";
				SWIFT_EMIT_LOC_STRINGS = YES;
				SWIFT_VERSION = 5.0;
				TARGETED_DEVICE_FAMILY = "1,2";
			};
			name = Release;
		};
		93781EA2288730F5005C413A /* Debug */ = {
			isa = XCBuildConfiguration;
			buildSettings = {
				ALWAYS_EMBED_SWIFT_STANDARD_LIBRARIES = YES;
				BUNDLE_LOADER = "$(TEST_HOST)";
				CODE_SIGN_STYLE = Automatic;
				CURRENT_PROJECT_VERSION = 1;
				DEVELOPMENT_TEAM = UJFUXGFX8C;
				GENERATE_INFOPLIST_FILE = YES;
				IPHONEOS_DEPLOYMENT_TARGET = 15.5;
				MARKETING_VERSION = 1.0;
				PRODUCT_BUNDLE_IDENTIFIER = kwk.mainprojTests;
				PRODUCT_NAME = "$(TARGET_NAME)";
				SWIFT_EMIT_LOC_STRINGS = NO;
				SWIFT_VERSION = 5.0;
				TARGETED_DEVICE_FAMILY = "1,2";
				TEST_HOST = "$(BUILT_PRODUCTS_DIR)/mainproj.app/mainproj";
			};
			name = Debug;
		};
		93781EA3288730F5005C413A /* Release */ = {
			isa = XCBuildConfiguration;
			buildSettings = {
				ALWAYS_EMBED_SWIFT_STANDARD_LIBRARIES = YES;
				BUNDLE_LOADER = "$(TEST_HOST)";
				CODE_SIGN_STYLE = Automatic;
				CURRENT_PROJECT_VERSION = 1;
				DEVELOPMENT_TEAM = UJFUXGFX8C;
				GENERATE_INFOPLIST_FILE = YES;
				IPHONEOS_DEPLOYMENT_TARGET = 15.5;
				MARKETING_VERSION = 1.0;
				PRODUCT_BUNDLE_IDENTIFIER = kwk.mainprojTests;
				PRODUCT_NAME = "$(TARGET_NAME)";
				SWIFT_EMIT_LOC_STRINGS = NO;
				SWIFT_VERSION = 5.0;
				TARGETED_DEVICE_FAMILY = "1,2";
				TEST_HOST = "$(BUILT_PRODUCTS_DIR)/mainproj.app/mainproj";
			};
			name = Release;
		};
		93781EA5288730F5005C413A /* Debug */ = {
			isa = XCBuildConfiguration;
			buildSettings = {
				ALWAYS_EMBED_SWIFT_STANDARD_LIBRARIES = YES;
				CODE_SIGN_STYLE = Automatic;
				CURRENT_PROJECT_VERSION = 1;
				DEVELOPMENT_TEAM = UJFUXGFX8C;
				GENERATE_INFOPLIST_FILE = YES;
				MARKETING_VERSION = 1.0;
				PRODUCT_BUNDLE_IDENTIFIER = kwk.mainprojUITests;
				PRODUCT_NAME = "$(TARGET_NAME)";
				SWIFT_EMIT_LOC_STRINGS = NO;
				SWIFT_VERSION = 5.0;
				TARGETED_DEVICE_FAMILY = "1,2";
				TEST_TARGET_NAME = mainproj;
			};
			name = Debug;
		};
		93781EA6288730F5005C413A /* Release */ = {
			isa = XCBuildConfiguration;
			buildSettings = {
				ALWAYS_EMBED_SWIFT_STANDARD_LIBRARIES = YES;
				CODE_SIGN_STYLE = Automatic;
				CURRENT_PROJECT_VERSION = 1;
				DEVELOPMENT_TEAM = UJFUXGFX8C;
				GENERATE_INFOPLIST_FILE = YES;
				MARKETING_VERSION = 1.0;
				PRODUCT_BUNDLE_IDENTIFIER = kwk.mainprojUITests;
				PRODUCT_NAME = "$(TARGET_NAME)";
				SWIFT_EMIT_LOC_STRINGS = NO;
				SWIFT_VERSION = 5.0;
				TARGETED_DEVICE_FAMILY = "1,2";
				TEST_TARGET_NAME = mainproj;
			};
			name = Release;
		};
/* End XCBuildConfiguration section */

/* Begin XCConfigurationList section */
		93781E6C288730F2005C413A /* Build configuration list for PBXProject "mainproj" */ = {
			isa = XCConfigurationList;
			buildConfigurations = (
				93781E9C288730F5005C413A /* Debug */,
				93781E9D288730F5005C413A /* Release */,
			);
			defaultConfigurationIsVisible = 0;
			defaultConfigurationName = Release;
		};
		93781E9E288730F5005C413A /* Build configuration list for PBXNativeTarget "mainproj" */ = {
			isa = XCConfigurationList;
			buildConfigurations = (
				93781E9F288730F5005C413A /* Debug */,
				93781EA0288730F5005C413A /* Release */,
			);
			defaultConfigurationIsVisible = 0;
			defaultConfigurationName = Release;
		};
		93781EA1288730F5005C413A /* Build configuration list for PBXNativeTarget "mainprojTests" */ = {
			isa = XCConfigurationList;
			buildConfigurations = (
				93781EA2288730F5005C413A /* Debug */,
				93781EA3288730F5005C413A /* Release */,
			);
			defaultConfigurationIsVisible = 0;
			defaultConfigurationName = Release;
		};
		93781EA4288730F5005C413A /* Build configuration list for PBXNativeTarget "mainprojUITests" */ = {
			isa = XCConfigurationList;
			buildConfigurations = (
				93781EA5288730F5005C413A /* Debug */,
				93781EA6288730F5005C413A /* Release */,
			);
			defaultConfigurationIsVisible = 0;
			defaultConfigurationName = Release;
		};
/* End XCConfigurationList section */

/* Begin XCVersionGroup section */
		93781E7D288730F2005C413A /* mainproj.xcdatamodeld */ = {
			isa = XCVersionGroup;
			children = (
				93781E7E288730F2005C413A /* mainproj.xcdatamodel */,
			);
			currentVersion = 93781E7E288730F2005C413A /* mainproj.xcdatamodel */;
			path = mainproj.xcdatamodeld;
			sourceTree = "<group>";
			versionGroupType = wrapper.xcdatamodel;
		};
/* End XCVersionGroup section */
	};
	rootObject = 93781E69288730F2005C413A /* Project object */;
}
